
Microsoft Visual Studio Solution File, Format Version 12.00
# Visual Studio Version 17
VisualStudioVersion = 17.7.34018.315
MinimumVisualStudioVersion = 10.0.40219.1
Project("{9A19103F-16F7-4668-BE54-9A1E7A4F7556}") = "Club97.Bot", "Club97.Bot\Club97.Bot.csproj", "{D313A427-4B5F-405D-B853-491013061BB2}"
EndProject
Project("{E53339B2-1760-4266-BCC7-CA923CBCF16C}") = "docker-compose", "docker-compose.dcproj", "{BC0CA2DC-FAFC-4FE4-B871-7DFB13595393}"
EndProject
Global
	GlobalSection(SolutionConfigurationPlatforms) = preSolution
		Debug|Any CPU = Debug|Any CPU
		Release|Any CPU = Release|Any CPU
	EndGlobalSection
	GlobalSection(ProjectConfigurationPlatforms) = postSolution
		{D313A427-4B5F-405D-B853-491013061BB2}.Debug|Any CPU.ActiveCfg = Debug|Any CPU
		{D313A427-4B5F-405D-B853-491013061BB2}.Debug|Any CPU.Build.0 = Debug|Any CPU
		{D313A427-4B5F-405D-B853-491013061BB2}.Release|Any CPU.ActiveCfg = Release|Any CPU
		{D313A427-4B5F-405D-B853-491013061BB2}.Release|Any CPU.Build.0 = Release|Any CPU
		{BC0CA2DC-FAFC-4FE4-B871-7DFB13595393}.Debug|Any CPU.ActiveCfg = Debug|Any CPU
		{BC0CA2DC-FAFC-4FE4-B871-7DFB13595393}.Debug|Any CPU.Build.0 = Debug|Any CPU
		{BC0CA2DC-FAFC-4FE4-B871-7DFB13595393}.Release|Any CPU.ActiveCfg = Release|Any CPU
		{BC0CA2DC-FAFC-4FE4-B871-7DFB13595393}.Release|Any CPU.Build.0 = Release|Any CPU
	EndGlobalSection
	GlobalSection(SolutionProperties) = preSolution
		HideSolutionNode = FALSE
	EndGlobalSection
	GlobalSection(ExtensibilityGlobals) = postSolution
		SolutionGuid = {E7B1742C-1B64-4E2A-B69C-672CC962A54D}
	EndGlobalSection
EndGlobal
